// !$*UTF8*$!
{
	archiveVersion = 1;
	classes = {
	};
	objectVersion = 50;
	objects = {

/* Begin PBXBuildFile section */
		A10808C9211C81AE0053004C /* PlaceAnnotation.swift in Sources */ = {isa = PBXBuildFile; fileRef = A10808C8211C81AE0053004C /* PlaceAnnotation.swift */; };
		A1B7E056211B6587000ABDFB /* AppDelegate.swift in Sources */ = {isa = PBXBuildFile; fileRef = A1B7E055211B6587000ABDFB /* AppDelegate.swift */; };
		A1B7E058211B6587000ABDFB /* ViewController.swift in Sources */ = {isa = PBXBuildFile; fileRef = A1B7E057211B6587000ABDFB /* ViewController.swift */; };
		A1B7E05B211B6587000ABDFB /* Main.storyboard in Resources */ = {isa = PBXBuildFile; fileRef = A1B7E059211B6587000ABDFB /* Main.storyboard */; };
		A1B7E05D211B6589000ABDFB /* Assets.xcassets in Resources */ = {isa = PBXBuildFile; fileRef = A1B7E05C211B6589000ABDFB /* Assets.xcassets */; };
		A1B7E060211B6589000ABDFB /* LaunchScreen.storyboard in Resources */ = {isa = PBXBuildFile; fileRef = A1B7E05E211B6589000ABDFB /* LaunchScreen.storyboard */; };
		A1B7E068211B66C7000ABDFB /* PlacesTableViewController.swift in Sources */ = {isa = PBXBuildFile; fileRef = A1B7E067211B66C7000ABDFB /* PlacesTableViewController.swift */; };
		A1B7E06A211B6774000ABDFB /* PlaceFinderViewController.swift in Sources */ = {isa = PBXBuildFile; fileRef = A1B7E069211B6774000ABDFB /* PlaceFinderViewController.swift */; };
		A1B7E06C211B70D8000ABDFB /* MapViewController.swift in Sources */ = {isa = PBXBuildFile; fileRef = A1B7E06B211B70D8000ABDFB /* MapViewController.swift */; };
		A1B7E06E211B76BF000ABDFB /* Place.swift in Sources */ = {isa = PBXBuildFile; fileRef = A1B7E06D211B76BF000ABDFB /* Place.swift */; };
/* End PBXBuildFile section */

/* Begin PBXFileReference section */
		A10808C8211C81AE0053004C /* PlaceAnnotation.swift */ = {isa = PBXFileReference; lastKnownFileType = sourcecode.swift; path = PlaceAnnotation.swift; sourceTree = "<group>"; };
		A1B7E052211B6587000ABDFB /* QueroConhecer.app */ = {isa = PBXFileReference; explicitFileType = wrapper.application; includeInIndex = 0; path = QueroConhecer.app; sourceTree = BUILT_PRODUCTS_DIR; };
		A1B7E055211B6587000ABDFB /* AppDelegate.swift */ = {isa = PBXFileReference; lastKnownFileType = sourcecode.swift; path = AppDelegate.swift; sourceTree = "<group>"; };
		A1B7E057211B6587000ABDFB /* ViewController.swift */ = {isa = PBXFileReference; lastKnownFileType = sourcecode.swift; path = ViewController.swift; sourceTree = "<group>"; };
		A1B7E05A211B6587000ABDFB /* Base */ = {isa = PBXFileReference; lastKnownFileType = file.storyboard; name = Base; path = Base.lproj/Main.storyboard; sourceTree = "<group>"; };
		A1B7E05C211B6589000ABDFB /* Assets.xcassets */ = {isa = PBXFileReference; lastKnownFileType = folder.assetcatalog; path = Assets.xcassets; sourceTree = "<group>"; };
		A1B7E05F211B6589000ABDFB /* Base */ = {isa = PBXFileReference; lastKnownFileType = file.storyboard; name = Base; path = Base.lproj/LaunchScreen.storyboard; sourceTree = "<group>"; };
		A1B7E061211B6589000ABDFB /* Info.plist */ = {isa = PBXFileReference; lastKnownFileType = text.plist.xml; path = Info.plist; sourceTree = "<group>"; };
		A1B7E067211B66C7000ABDFB /* PlacesTableViewController.swift */ = {isa = PBXFileReference; lastKnownFileType = sourcecode.swift; path = PlacesTableViewController.swift; sourceTree = "<group>"; };
		A1B7E069211B6774000ABDFB /* PlaceFinderViewController.swift */ = {isa = PBXFileReference; lastKnownFileType = sourcecode.swift; path = PlaceFinderViewController.swift; sourceTree = "<group>"; };
		A1B7E06B211B70D8000ABDFB /* MapViewController.swift */ = {isa = PBXFileReference; lastKnownFileType = sourcecode.swift; path = MapViewController.swift; sourceTree = "<group>"; };
		A1B7E06D211B76BF000ABDFB /* Place.swift */ = {isa = PBXFileReference; lastKnownFileType = sourcecode.swift; path = Place.swift; sourceTree = "<group>"; };
/* End PBXFileReference section */

/* Begin PBXFrameworksBuildPhase section */
		A1B7E04F211B6587000ABDFB /* Frameworks */ = {
			isa = PBXFrameworksBuildPhase;
			buildActionMask = 2147483647;
			files = (
			);
			runOnlyForDeploymentPostprocessing = 0;
		};
/* End PBXFrameworksBuildPhase section */

/* Begin PBXGroup section */
		A1B7E049211B6587000ABDFB = {
			isa = PBXGroup;
			children = (
				A1B7E054211B6587000ABDFB /* QueroConhecer */,
				A1B7E053211B6587000ABDFB /* Products */,
			);
			sourceTree = "<group>";
		};
		A1B7E053211B6587000ABDFB /* Products */ = {
			isa = PBXGroup;
			children = (
				A1B7E052211B6587000ABDFB /* QueroConhecer.app */,
			);
			name = Products;
			sourceTree = "<group>";
		};
		A1B7E054211B6587000ABDFB /* QueroConhecer */ = {
			isa = PBXGroup;
			children = (
				A1B7E055211B6587000ABDFB /* AppDelegate.swift */,
				A1B7E057211B6587000ABDFB /* ViewController.swift */,
				A1B7E059211B6587000ABDFB /* Main.storyboard */,
				A1B7E06B211B70D8000ABDFB /* MapViewController.swift */,
				A1B7E067211B66C7000ABDFB /* PlacesTableViewController.swift */,
				A10808C8211C81AE0053004C /* PlaceAnnotation.swift */,
				A1B7E069211B6774000ABDFB /* PlaceFinderViewController.swift */,
				A1B7E06D211B76BF000ABDFB /* Place.swift */,
				A1B7E05C211B6589000ABDFB /* Assets.xcassets */,
				A1B7E05E211B6589000ABDFB /* LaunchScreen.storyboard */,
				A1B7E061211B6589000ABDFB /* Info.plist */,
			);
			path = QueroConhecer;
			sourceTree = "<group>";
		};
/* End PBXGroup section */

/* Begin PBXNativeTarget section */
		A1B7E051211B6587000ABDFB /* QueroConhecer */ = {
			isa = PBXNativeTarget;
			buildConfigurationList = A1B7E064211B6589000ABDFB /* Build configuration list for PBXNativeTarget "QueroConhecer" */;
			buildPhases = (
				A1B7E04E211B6587000ABDFB /* Sources */,
				A1B7E04F211B6587000ABDFB /* Frameworks */,
				A1B7E050211B6587000ABDFB /* Resources */,
			);
			buildRules = (
			);
			dependencies = (
			);
			name = QueroConhecer;
			productName = QueroConhecer;
			productReference = A1B7E052211B6587000ABDFB /* QueroConhecer.app */;
			productType = "com.apple.product-type.application";
		};
/* End PBXNativeTarget section */

/* Begin PBXProject section */
		A1B7E04A211B6587000ABDFB /* Project object */ = {
			isa = PBXProject;
			attributes = {
				LastSwiftUpdateCheck = 0940;
				LastUpgradeCheck = 0940;
				ORGANIZATIONNAME = Exatron;
				TargetAttributes = {
					A1B7E051211B6587000ABDFB = {
						CreatedOnToolsVersion = 9.4.1;
					};
				};
			};
			buildConfigurationList = A1B7E04D211B6587000ABDFB /* Build configuration list for PBXProject "QueroConhecer" */;
			compatibilityVersion = "Xcode 9.3";
			developmentRegion = en;
			hasScannedForEncodings = 0;
			knownRegions = (
				en,
				Base,
			);
			mainGroup = A1B7E049211B6587000ABDFB;
			productRefGroup = A1B7E053211B6587000ABDFB /* Products */;
			projectDirPath = "";
			projectRoot = "";
			targets = (
				A1B7E051211B6587000ABDFB /* QueroConhecer */,
			);
		};
/* End PBXProject section */

/* Begin PBXResourcesBuildPhase section */
		A1B7E050211B6587000ABDFB /* Resources */ = {
			isa = PBXResourcesBuildPhase;
			buildActionMask = 2147483647;
			files = (
				A1B7E060211B6589000ABDFB /* LaunchScreen.storyboard in Resources */,
				A1B7E05D211B6589000ABDFB /* Assets.xcassets in Resources */,
				A1B7E05B211B6587000ABDFB /* Main.storyboard in Resources */,
			);
			runOnlyForDeploymentPostprocessing = 0;
		};
/* End PBXResourcesBuildPhase section */

/* Begin PBXSourcesBuildPhase section */
		A1B7E04E211B6587000ABDFB /* Sources */ = {
			isa = PBXSourcesBuildPhase;
			buildActionMask = 2147483647;
			files = (
				A1B7E058211B6587000ABDFB /* ViewController.swift in Sources */,
				A1B7E056211B6587000ABDFB /* AppDelegate.swift in Sources */,
				A1B7E06A211B6774000ABDFB /* PlaceFinderViewController.swift in Sources */,
				A1B7E06E211B76BF000ABDFB /* Place.swift in Sources */,
				A1B7E06C211B70D8000ABDFB /* MapViewController.swift in Sources */,
				A1B7E068211B66C7000ABDFB /* PlacesTableViewController.swift in Sources */,
				A10808C9211C81AE0053004C /* PlaceAnnotation.swift in Sources */,
			);
			runOnlyForDeploymentPostprocessing = 0;
		};
/* End PBXSourcesBuildPhase section */

/* Begin PBXVariantGroup section */
		A1B7E059211B6587000ABDFB /* Main.storyboard */ = {
			isa = PBXVariantGroup;
			children = (
				A1B7E05A211B6587000ABDFB /* Base */,
			);
			name = Main.storyboard;
			sourceTree = "<group>";
		};
		A1B7E05E211B6589000ABDFB /* LaunchScreen.storyboard */ = {
			isa = PBXVariantGroup;
			children = (
				A1B7E05F211B6589000ABDFB /* Base */,
			);
			name = LaunchScreen.storyboard;
			sourceTree = "<group>";
		};
/* End PBXVariantGroup section */

/* Begin XCBuildConfiguration section */
		A1B7E062211B6589000ABDFB /* Debug */ = {
			isa = XCBuildConfiguration;
			buildSettings = {
				ALWAYS_SEARCH_USER_PATHS = NO;
				CLANG_ANALYZER_NONNULL = YES;
				CLANG_ANALYZER_NUMBER_OBJECT_CONVERSION = YES_AGGRESSIVE;
				CLANG_CXX_LANGUAGE_STANDARD = "gnu++14";
				CLANG_CXX_LIBRARY = "libc++";
				CLANG_ENABLE_MODULES = YES;
				CLANG_ENABLE_OBJC_ARC = YES;
				CLANG_ENABLE_OBJC_WEAK = YES;
				CLANG_WARN_BLOCK_CAPTURE_AUTORELEASING = YES;
				CLANG_WARN_BOOL_CONVERSION = YES;
				CLANG_WARN_COMMA = YES;
				CLANG_WARN_CONSTANT_CONVERSION = YES;
				CLANG_WARN_DEPRECATED_OBJC_IMPLEMENTATIONS = YES;
				CLANG_WARN_DIRECT_OBJC_ISA_USAGE = YES_ERROR;
				CLANG_WARN_DOCUMENTATION_COMMENTS = YES;
				CLANG_WARN_EMPTY_BODY = YES;
				CLANG_WARN_ENUM_CONVERSION = YES;
				CLANG_WARN_INFINITE_RECURSION = YES;
				CLANG_WARN_INT_CONVERSION = YES;
				CLANG_WARN_NON_LITERAL_NULL_CONVERSION = YES;
				CLANG_WARN_OBJC_IMPLICIT_RETAIN_SELF = YES;
				CLANG_WARN_OBJC_LITERAL_CONVERSION = YES;
				CLANG_WARN_OBJC_ROOT_CLASS = YES_ERROR;
				CLANG_WARN_RANGE_LOOP_ANALYSIS = YES;
				CLANG_WARN_STRICT_PROTOTYPES = YES;
				CLANG_WARN_SUSPICIOUS_MOVE = YES;
				CLANG_WARN_UNGUARDED_AVAILABILITY = YES_AGGRESSIVE;
				CLANG_WARN_UNREACHABLE_CODE = YES;
				CLANG_WARN__DUPLICATE_METHOD_MATCH = YES;
				CODE_SIGN_IDENTITY = "iPhone Developer";
				COPY_PHASE_STRIP = NO;
				DEBUG_INFORMATION_FORMAT = dwarf;
				ENABLE_STRICT_OBJC_MSGSEND = YES;
				ENABLE_TESTABILITY = YES;
				GCC_C_LANGUAGE_STANDARD = gnu11;
				GCC_DYNAMIC_NO_PIC = NO;
				GCC_NO_COMMON_BLOCKS = YES;
				GCC_OPTIMIZATION_LEVEL = 0;
				GCC_PREPROCESSOR_DEFINITIONS = (
					"DEBUG=1",
					"$(inherited)",
				);
				GCC_WARN_64_TO_32_BIT_CONVERSION = YES;
				GCC_WARN_ABOUT_RETURN_TYPE = YES_ERROR;
				GCC_WARN_UNDECLARED_SELECTOR = YES;
				GCC_WARN_UNINITIALIZED_AUTOS = YES_AGGRESSIVE;
				GCC_WARN_UNUSED_FUNCTION = YES;
				GCC_WARN_UNUSED_VARIABLE = YES;
				IPHONEOS_DEPLOYMENT_TARGET = 11.4;
				MTL_ENABLE_DEBUG_INFO = YES;
				ONLY_ACTIVE_ARCH = YES;
				SDKROOT = iphoneos;
				SWIFT_ACTIVE_COMPILATION_CONDITIONS = DEBUG;
				SWIFT_OPTIMIZATION_LEVEL = "-Onone";
			};
			name = Debug;
		};
		A1B7E063211B6589000ABDFB /* Release */ = {
			isa = XCBuildConfiguration;
			buildSettings = {
				ALWAYS_SEARCH_USER_PATHS = NO;
				CLANG_ANALYZER_NONNULL = YES;
				CLANG_ANALYZER_NUMBER_OBJECT_CONVERSION = YES_AGGRESSIVE;
				CLANG_CXX_LANGUAGE_STANDARD = "gnu++14";
				CLANG_CXX_LIBRARY = "libc++";
				CLANG_ENABLE_MODULES = YES;
				CLANG_ENABLE_OBJC_ARC = YES;
				CLANG_ENABLE_OBJC_WEAK = YES;
				CLANG_WARN_BLOCK_CAPTURE_AUTORELEASING = YES;
				CLANG_WARN_BOOL_CONVERSION = YES;
				CLANG_WARN_COMMA = YES;
				CLANG_WARN_CONSTANT_CONVERSION = YES;
				CLANG_WARN_DEPRECATED_OBJC_IMPLEMENTATIONS = YES;
				CLANG_WARN_DIRECT_OBJC_ISA_USAGE = YES_ERROR;
				CLANG_WARN_DOCUMENTATION_COMMENTS = YES;
				CLANG_WARN_EMPTY_BODY = YES;
				CLANG_WARN_ENUM_CONVERSION = YES;
				CLANG_WARN_INFINITE_RECURSION = YES;
				CLANG_WARN_INT_CONVERSION = YES;
				CLANG_WARN_NON_LITERAL_NULL_CONVERSION = YES;
				CLANG_WARN_OBJC_IMPLICIT_RETAIN_SELF = YES;
				CLANG_WARN_OBJC_LITERAL_CONVERSION = YES;
				CLANG_WARN_OBJC_ROOT_CLASS = YES_ERROR;
				CLANG_WARN_RANGE_LOOP_ANALYSIS = YES;
				CLANG_WARN_STRICT_PROTOTYPES = YES;
				CLANG_WARN_SUSPICIOUS_MOVE = YES;
				CLANG_WARN_UNGUARDED_AVAILABILITY = YES_AGGRESSIVE;
				CLANG_WARN_UNREACHABLE_CODE = YES;
				CLANG_WARN__DUPLICATE_METHOD_MATCH = YES;
				CODE_SIGN_IDENTITY = "iPhone Developer";
				COPY_PHASE_STRIP = NO;
				DEBUG_INFORMATION_FORMAT = "dwarf-with-dsym";
				ENABLE_NS_ASSERTIONS = NO;
				ENABLE_STRICT_OBJC_MSGSEND = YES;
				GCC_C_LANGUAGE_STANDARD = gnu11;
				GCC_NO_COMMON_BLOCKS = YES;
				GCC_WARN_64_TO_32_BIT_CONVERSION = YES;
				GCC_WARN_ABOUT_RETURN_TYPE = YES_ERROR;
				GCC_WARN_UNDECLARED_SELECTOR = YES;
				GCC_WARN_UNINITIALIZED_AUTOS = YES_AGGRESSIVE;
				GCC_WARN_UNUSED_FUNCTION = YES;
				GCC_WARN_UNUSED_VARIABLE = YES;
				IPHONEOS_DEPLOYMENT_TARGET = 11.4;
				MTL_ENABLE_DEBUG_INFO = NO;
				SDKROOT = iphoneos;
				SWIFT_COMPILATION_MODE = wholemodule;
				SWIFT_OPTIMIZATION_LEVEL = "-O";
				VALIDATE_PRODUCT = YES;
			};
			name = Release;
		};
		A1B7E065211B6589000ABDFB /* Debug */ = {
			isa = XCBuildConfiguration;
			buildSettings = {
				ASSETCATALOG_COMPILER_APPICON_NAME = AppIcon;
				CODE_SIGN_STYLE = Automatic;
				DEVELOPMENT_TEAM = 83NFHDY43B;
				INFOPLIST_FILE = QueroConhecer/Info.plist;
				LD_RUNPATH_SEARCH_PATHS = (
					"$(inherited)",
					"@executable_path/Frameworks",
				);
				PRODUCT_BUNDLE_IDENTIFIER = br.com.edwylugo.QueroConhecer;
				PRODUCT_NAME = "$(TARGET_NAME)";
				SWIFT_VERSION = 4.0;
				TARGETED_DEVICE_FAMILY = 1;
			};
			name = Debug;
		};
		A1B7E066211B6589000ABDFB /* Release */ = {
			isa = XCBuildConfiguration;
			buildSettings = {
				ASSETCATALOG_COMPILER_APPICON_NAME = AppIcon;
				CODE_SIGN_STYLE = Automatic;
				DEVELOPMENT_TEAM = 83NFHDY43B;
				INFOPLIST_FILE = QueroConhecer/Info.plist;
				LD_RUNPATH_SEARCH_PATHS = (
					"$(inherited)",
					"@executable_path/Frameworks",
				);
				PRODUCT_BUNDLE_IDENTIFIER = br.com.edwylugo.QueroConhecer;
				PRODUCT_NAME = "$(TARGET_NAME)";
				SWIFT_VERSION = 4.0;
				TARGETED_DEVICE_FAMILY = 1;
			};
			name = Release;
		};
/* End XCBuildConfiguration section */

/* Begin XCConfigurationList section */
		A1B7E04D211B6587000ABDFB /* Build configuration list for PBXProject "QueroConhecer" */ = {
			isa = XCConfigurationList;
			buildConfigurations = (
				A1B7E062211B6589000ABDFB /* Debug */,
				A1B7E063211B6589000ABDFB /* Release */,
			);
			defaultConfigurationIsVisible = 0;
			defaultConfigurationName = Release;
		};
		A1B7E064211B6589000ABDFB /* Build configuration list for PBXNativeTarget "QueroConhecer" */ = {
			isa = XCConfigurationList;
			buildConfigurations = (
				A1B7E065211B6589000ABDFB /* Debug */,
				A1B7E066211B6589000ABDFB /* Release */,
			);
			defaultConfigurationIsVisible = 0;
			defaultConfigurationName = Release;
		};
/* End XCConfigurationList section */
	};
	rootObject = A1B7E04A211B6587000ABDFB /* Project object */;
}
